// !$*UTF8*$!
{
	archiveVersion = 1;
	classes = {
	};
	objectVersion = 50;
	objects = {

/* Begin PBXBuildFile section */
		03E6719425A0EAB100D90AE3 /* Tests_iOS.swift in Sources */ = {isa = PBXBuildFile; fileRef = 03E6719325A0EAB100D90AE3 /* Tests_iOS.swift */; };
		03E6719F25A0EAB100D90AE3 /* Tests_macOS.swift in Sources */ = {isa = PBXBuildFile; fileRef = 03E6719E25A0EAB100D90AE3 /* Tests_macOS.swift */; };
		03E671A125A0EAB100D90AE3 /* RingChartApp.swift in Sources */ = {isa = PBXBuildFile; fileRef = 03E6717825A0EAB000D90AE3 /* RingChartApp.swift */; };
		03E671A225A0EAB100D90AE3 /* RingChartApp.swift in Sources */ = {isa = PBXBuildFile; fileRef = 03E6717825A0EAB000D90AE3 /* RingChartApp.swift */; };
		03E671A325A0EAB100D90AE3 /* ContentView.swift in Sources */ = {isa = PBXBuildFile; fileRef = 03E6717925A0EAB000D90AE3 /* ContentView.swift */; };
		03E671A425A0EAB100D90AE3 /* ContentView.swift in Sources */ = {isa = PBXBuildFile; fileRef = 03E6717925A0EAB000D90AE3 /* ContentView.swift */; };
		03E671A525A0EAB100D90AE3 /* Assets.xcassets in Resources */ = {isa = PBXBuildFile; fileRef = 03E6717A25A0EAB100D90AE3 /* Assets.xcassets */; };
		03E671A625A0EAB100D90AE3 /* Assets.xcassets in Resources */ = {isa = PBXBuildFile; fileRef = 03E6717A25A0EAB100D90AE3 /* Assets.xcassets */; };
		03E671BA25A0EAD500D90AE3 /* Path+Wedge.swift in Sources */ = {isa = PBXBuildFile; fileRef = 03E671B925A0EAD500D90AE3 /* Path+Wedge.swift */; };
		03E671BB25A0EAD500D90AE3 /* Path+Wedge.swift in Sources */ = {isa = PBXBuildFile; fileRef = 03E671B925A0EAD500D90AE3 /* Path+Wedge.swift */; };
		03E671C125A0F19B00D90AE3 /* Array+NormalizedMagnitude.swift in Sources */ = {isa = PBXBuildFile; fileRef = 03E671C025A0F19B00D90AE3 /* Array+NormalizedMagnitude.swift */; };
		03E671C225A0F19B00D90AE3 /* Array+NormalizedMagnitude.swift in Sources */ = {isa = PBXBuildFile; fileRef = 03E671C025A0F19B00D90AE3 /* Array+NormalizedMagnitude.swift */; };
/* End PBXBuildFile section */

/* Begin PBXContainerItemProxy section */
		03E6719025A0EAB100D90AE3 /* PBXContainerItemProxy */ = {
			isa = PBXContainerItemProxy;
			containerPortal = 03E6717325A0EAB000D90AE3 /* Project object */;
			proxyType = 1;
			remoteGlobalIDString = 03E6717E25A0EAB100D90AE3;
			remoteInfo = "RingChart (iOS)";
		};
		03E6719B25A0EAB100D90AE3 /* PBXContainerItemProxy */ = {
			isa = PBXContainerItemProxy;
			containerPortal = 03E6717325A0EAB000D90AE3 /* Project object */;
			proxyType = 1;
			remoteGlobalIDString = 03E6718625A0EAB100D90AE3;
			remoteInfo = "RingChart (macOS)";
		};
/* End PBXContainerItemProxy section */

/* Begin PBXFileReference section */
		03E6717825A0EAB000D90AE3 /* RingChartApp.swift */ = {isa = PBXFileReference; lastKnownFileType = sourcecode.swift; path = RingChartApp.swift; sourceTree = "<group>"; };
		03E6717925A0EAB000D90AE3 /* ContentView.swift */ = {isa = PBXFileReference; lastKnownFileType = sourcecode.swift; path = ContentView.swift; sourceTree = "<group>"; };
		03E6717A25A0EAB100D90AE3 /* Assets.xcassets */ = {isa = PBXFileReference; lastKnownFileType = folder.assetcatalog; path = Assets.xcassets; sourceTree = "<group>"; };
		03E6717F25A0EAB100D90AE3 /* RingChart.app */ = {isa = PBXFileReference; explicitFileType = wrapper.application; includeInIndex = 0; path = RingChart.app; sourceTree = BUILT_PRODUCTS_DIR; };
		03E6718225A0EAB100D90AE3 /* Info.plist */ = {isa = PBXFileReference; lastKnownFileType = text.plist.xml; path = Info.plist; sourceTree = "<group>"; };
		03E6718725A0EAB100D90AE3 /* RingChart.app */ = {isa = PBXFileReference; explicitFileType = wrapper.application; includeInIndex = 0; path = RingChart.app; sourceTree = BUILT_PRODUCTS_DIR; };
		03E6718925A0EAB100D90AE3 /* Info.plist */ = {isa = PBXFileReference; lastKnownFileType = text.plist.xml; path = Info.plist; sourceTree = "<group>"; };
		03E6718A25A0EAB100D90AE3 /* macOS.entitlements */ = {isa = PBXFileReference; lastKnownFileType = text.plist.entitlements; path = macOS.entitlements; sourceTree = "<group>"; };
		03E6718F25A0EAB100D90AE3 /* Tests iOS.xctest */ = {isa = PBXFileReference; explicitFileType = wrapper.cfbundle; includeInIndex = 0; path = "Tests iOS.xctest"; sourceTree = BUILT_PRODUCTS_DIR; };
		03E6719325A0EAB100D90AE3 /* Tests_iOS.swift */ = {isa = PBXFileReference; lastKnownFileType = sourcecode.swift; path = Tests_iOS.swift; sourceTree = "<group>"; };
		03E6719525A0EAB100D90AE3 /* Info.plist */ = {isa = PBXFileReference; lastKnownFileType = text.plist.xml; path = Info.plist; sourceTree = "<group>"; };
		03E6719A25A0EAB100D90AE3 /* Tests macOS.xctest */ = {isa = PBXFileReference; explicitFileType = wrapper.cfbundle; includeInIndex = 0; path = "Tests macOS.xctest"; sourceTree = BUILT_PRODUCTS_DIR; };
		03E6719E25A0EAB100D90AE3 /* Tests_macOS.swift */ = {isa = PBXFileReference; lastKnownFileType = sourcecode.swift; path = Tests_macOS.swift; sourceTree = "<group>"; };
		03E671A025A0EAB100D90AE3 /* Info.plist */ = {isa = PBXFileReference; lastKnownFileType = text.plist.xml; path = Info.plist; sourceTree = "<group>"; };
		03E671B925A0EAD500D90AE3 /* Path+Wedge.swift */ = {isa = PBXFileReference; lastKnownFileType = sourcecode.swift; path = "Path+Wedge.swift"; sourceTree = "<group>"; };
		03E671C025A0F19B00D90AE3 /* Array+NormalizedMagnitude.swift */ = {isa = PBXFileReference; lastKnownFileType = sourcecode.swift; path = "Array+NormalizedMagnitude.swift"; sourceTree = "<group>"; };
/* End PBXFileReference section */

/* Begin PBXFrameworksBuildPhase section */
		03E6717C25A0EAB100D90AE3 /* Frameworks */ = {
			isa = PBXFrameworksBuildPhase;
			buildActionMask = 2147483647;
			files = (
			);
			runOnlyForDeploymentPostprocessing = 0;
		};
		03E6718425A0EAB100D90AE3 /* Frameworks */ = {
			isa = PBXFrameworksBuildPhase;
			buildActionMask = 2147483647;
			files = (
			);
			runOnlyForDeploymentPostprocessing = 0;
		};
		03E6718C25A0EAB100D90AE3 /* Frameworks */ = {
			isa = PBXFrameworksBuildPhase;
			buildActionMask = 2147483647;
			files = (
			);
			runOnlyForDeploymentPostprocessing = 0;
		};
		03E6719725A0EAB100D90AE3 /* Frameworks */ = {
			isa = PBXFrameworksBuildPhase;
			buildActionMask = 2147483647;
			files = (
			);
			runOnlyForDeploymentPostprocessing = 0;
		};
/* End PBXFrameworksBuildPhase section */

/* Begin PBXGroup section */
		03E6717225A0EAB000D90AE3 = {
			isa = PBXGroup;
			children = (
				03E6717725A0EAB000D90AE3 /* Shared */,
				03E6718125A0EAB100D90AE3 /* iOS */,
				03E6718825A0EAB100D90AE3 /* macOS */,
				03E6719225A0EAB100D90AE3 /* Tests iOS */,
				03E6719D25A0EAB100D90AE3 /* Tests macOS */,
				03E6718025A0EAB100D90AE3 /* Products */,
			);
			sourceTree = "<group>";
		};
		03E6717725A0EAB000D90AE3 /* Shared */ = {
			isa = PBXGroup;
			children = (
				03E6717825A0EAB000D90AE3 /* RingChartApp.swift */,
				03E6717925A0EAB000D90AE3 /* ContentView.swift */,
				03E671C025A0F19B00D90AE3 /* Array+NormalizedMagnitude.swift */,
				03E671B925A0EAD500D90AE3 /* Path+Wedge.swift */,
				03E6717A25A0EAB100D90AE3 /* Assets.xcassets */,
			);
			path = Shared;
			sourceTree = "<group>";
		};
		03E6718025A0EAB100D90AE3 /* Products */ = {
			isa = PBXGroup;
			children = (
				03E6717F25A0EAB100D90AE3 /* RingChart.app */,
				03E6718725A0EAB100D90AE3 /* RingChart.app */,
				03E6718F25A0EAB100D90AE3 /* Tests iOS.xctest */,
				03E6719A25A0EAB100D90AE3 /* Tests macOS.xctest */,
			);
			name = Products;
			sourceTree = "<group>";
		};
		03E6718125A0EAB100D90AE3 /* iOS */ = {
			isa = PBXGroup;
			children = (
				03E6718225A0EAB100D90AE3 /* Info.plist */,
			);
			path = iOS;
			sourceTree = "<group>";
		};
		03E6718825A0EAB100D90AE3 /* macOS */ = {
			isa = PBXGroup;
			children = (
				03E6718925A0EAB100D90AE3 /* Info.plist */,
				03E6718A25A0EAB100D90AE3 /* macOS.entitlements */,
			);
			path = macOS;
			sourceTree = "<group>";
		};
		03E6719225A0EAB100D90AE3 /* Tests iOS */ = {
			isa = PBXGroup;
			children = (
				03E6719325A0EAB100D90AE3 /* Tests_iOS.swift */,
				03E6719525A0EAB100D90AE3 /* Info.plist */,
			);
			path = "Tests iOS";
			sourceTree = "<group>";
		};
		03E6719D25A0EAB100D90AE3 /* Tests macOS */ = {
			isa = PBXGroup;
			children = (
				03E6719E25A0EAB100D90AE3 /* Tests_macOS.swift */,
				03E671A025A0EAB100D90AE3 /* Info.plist */,
			);
			path = "Tests macOS";
			sourceTree = "<group>";
		};
/* End PBXGroup section */

/* Begin PBXNativeTarget section */
		03E6717E25A0EAB100D90AE3 /* RingChart (iOS) */ = {
			isa = PBXNativeTarget;
			buildConfigurationList = 03E671A925A0EAB100D90AE3 /* Build configuration list for PBXNativeTarget "RingChart (iOS)" */;
			buildPhases = (
				03E6717B25A0EAB100D90AE3 /* Sources */,
				03E6717C25A0EAB100D90AE3 /* Frameworks */,
				03E6717D25A0EAB100D90AE3 /* Resources */,
			);
			buildRules = (
			);
			dependencies = (
			);
			name = "RingChart (iOS)";
			productName = "RingChart (iOS)";
			productReference = 03E6717F25A0EAB100D90AE3 /* RingChart.app */;
			productType = "com.apple.product-type.application";
		};
		03E6718625A0EAB100D90AE3 /* RingChart (macOS) */ = {
			isa = PBXNativeTarget;
			buildConfigurationList = 03E671AC25A0EAB100D90AE3 /* Build configuration list for PBXNativeTarget "RingChart (macOS)" */;
			buildPhases = (
				03E6718325A0EAB100D90AE3 /* Sources */,
				03E6718425A0EAB100D90AE3 /* Frameworks */,
				03E6718525A0EAB100D90AE3 /* Resources */,
			);
			buildRules = (
			);
			dependencies = (
			);
			name = "RingChart (macOS)";
			productName = "RingChart (macOS)";
			productReference = 03E6718725A0EAB100D90AE3 /* RingChart.app */;
			productType = "com.apple.product-type.application";
		};
		03E6718E25A0EAB100D90AE3 /* Tests iOS */ = {
			isa = PBXNativeTarget;
			buildConfigurationList = 03E671AF25A0EAB100D90AE3 /* Build configuration list for PBXNativeTarget "Tests iOS" */;
			buildPhases = (
				03E6718B25A0EAB100D90AE3 /* Sources */,
				03E6718C25A0EAB100D90AE3 /* Frameworks */,
				03E6718D25A0EAB100D90AE3 /* Resources */,
			);
			buildRules = (
			);
			dependencies = (
				03E6719125A0EAB100D90AE3 /* PBXTargetDependency */,
			);
			name = "Tests iOS";
			productName = "Tests iOS";
			productReference = 03E6718F25A0EAB100D90AE3 /* Tests iOS.xctest */;
			productType = "com.apple.product-type.bundle.ui-testing";
		};
		03E6719925A0EAB100D90AE3 /* Tests macOS */ = {
			isa = PBXNativeTarget;
			buildConfigurationList = 03E671B225A0EAB100D90AE3 /* Build configuration list for PBXNativeTarget "Tests macOS" */;
			buildPhases = (
				03E6719625A0EAB100D90AE3 /* Sources */,
				03E6719725A0EAB100D90AE3 /* Frameworks */,
				03E6719825A0EAB100D90AE3 /* Resources */,
			);
			buildRules = (
			);
			dependencies = (
				03E6719C25A0EAB100D90AE3 /* PBXTargetDependency */,
			);
			name = "Tests macOS";
			productName = "Tests macOS";
			productReference = 03E6719A25A0EAB100D90AE3 /* Tests macOS.xctest */;
			productType = "com.apple.product-type.bundle.ui-testing";
		};
/* End PBXNativeTarget section */

/* Begin PBXProject section */
		03E6717325A0EAB000D90AE3 /* Project object */ = {
			isa = PBXProject;
			attributes = {
				LastSwiftUpdateCheck = 1230;
				LastUpgradeCheck = 1230;
				TargetAttributes = {
					03E6717E25A0EAB100D90AE3 = {
						CreatedOnToolsVersion = 12.3;
					};
					03E6718625A0EAB100D90AE3 = {
						CreatedOnToolsVersion = 12.3;
					};
					03E6718E25A0EAB100D90AE3 = {
						CreatedOnToolsVersion = 12.3;
						TestTargetID = 03E6717E25A0EAB100D90AE3;
					};
					03E6719925A0EAB100D90AE3 = {
						CreatedOnToolsVersion = 12.3;
						TestTargetID = 03E6718625A0EAB100D90AE3;
					};
				};
			};
			buildConfigurationList = 03E6717625A0EAB000D90AE3 /* Build configuration list for PBXProject "RingChart" */;
			compatibilityVersion = "Xcode 9.3";
			developmentRegion = en;
			hasScannedForEncodings = 0;
			knownRegions = (
				en,
				Base,
			);
			mainGroup = 03E6717225A0EAB000D90AE3;
			productRefGroup = 03E6718025A0EAB100D90AE3 /* Products */;
			projectDirPath = "";
			projectRoot = "";
			targets = (
				03E6717E25A0EAB100D90AE3 /* RingChart (iOS) */,
				03E6718625A0EAB100D90AE3 /* RingChart (macOS) */,
				03E6718E25A0EAB100D90AE3 /* Tests iOS */,
				03E6719925A0EAB100D90AE3 /* Tests macOS */,
			);
		};
/* End PBXProject section */

/* Begin PBXResourcesBuildPhase section */
		03E6717D25A0EAB100D90AE3 /* Resources */ = {
			isa = PBXResourcesBuildPhase;
			buildActionMask = 2147483647;
			files = (
				03E671A525A0EAB100D90AE3 /* Assets.xcassets in Resources */,
			);
			runOnlyForDeploymentPostprocessing = 0;
		};
		03E6718525A0EAB100D90AE3 /* Resources */ = {
			isa = PBXResourcesBuildPhase;
			buildActionMask = 2147483647;
			files = (
				03E671A625A0EAB100D90AE3 /* Assets.xcassets in Resources */,
			);
			runOnlyForDeploymentPostprocessing = 0;
		};
		03E6718D25A0EAB100D90AE3 /* Resources */ = {
			isa = PBXResourcesBuildPhase;
			buildActionMask = 2147483647;
			files = (
			);
			runOnlyForDeploymentPostprocessing = 0;
		};
		03E6719825A0EAB100D90AE3 /* Resources */ = {
			isa = PBXResourcesBuildPhase;
			buildActionMask = 2147483647;
			files = (
			);
			runOnlyForDeploymentPostprocessing = 0;
		};
/* End PBXResourcesBuildPhase section */

/* Begin PBXSourcesBuildPhase section */
		03E6717B25A0EAB100D90AE3 /* Sources */ = {
			isa = PBXSourcesBuildPhase;
			buildActionMask = 2147483647;
			files = (
				03E671BA25A0EAD500D90AE3 /* Path+Wedge.swift in Sources */,
				03E671A325A0EAB100D90AE3 /* ContentView.swift in Sources */,
				03E671A125A0EAB100D90AE3 /* RingChartApp.swift in Sources */,
				03E671C125A0F19B00D90AE3 /* Array+NormalizedMagnitude.swift in Sources */,
			);
			runOnlyForDeploymentPostprocessing = 0;
		};
		03E6718325A0EAB100D90AE3 /* Sources */ = {
			isa = PBXSourcesBuildPhase;
			buildActionMask = 2147483647;
			files = (
				03E671BB25A0EAD500D90AE3 /* Path+Wedge.swift in Sources */,
				03E671A425A0EAB100D90AE3 /* ContentView.swift in Sources */,
				03E671A225A0EAB100D90AE3 /* RingChartApp.swift in Sources */,
				03E671C225A0F19B00D90AE3 /* Array+NormalizedMagnitude.swift in Sources */,
			);
			runOnlyForDeploymentPostprocessing = 0;
		};
		03E6718B25A0EAB100D90AE3 /* Sources */ = {
			isa = PBXSourcesBuildPhase;
			buildActionMask = 2147483647;
			files = (
				03E6719425A0EAB100D90AE3 /* Tests_iOS.swift in Sources */,
			);
			runOnlyForDeploymentPostprocessing = 0;
		};
		03E6719625A0EAB100D90AE3 /* Sources */ = {
			isa = PBXSourcesBuildPhase;
			buildActionMask = 2147483647;
			files = (
				03E6719F25A0EAB100D90AE3 /* Tests_macOS.swift in Sources */,
			);
			runOnlyForDeploymentPostprocessing = 0;
		};
/* End PBXSourcesBuildPhase section */

/* Begin PBXTargetDependency section */
		03E6719125A0EAB100D90AE3 /* PBXTargetDependency */ = {
			isa = PBXTargetDependency;
			target = 03E6717E25A0EAB100D90AE3 /* RingChart (iOS) */;
			targetProxy = 03E6719025A0EAB100D90AE3 /* PBXContainerItemProxy */;
		};
		03E6719C25A0EAB100D90AE3 /* PBXTargetDependency */ = {
			isa = PBXTargetDependency;
			target = 03E6718625A0EAB100D90AE3 /* RingChart (macOS) */;
			targetProxy = 03E6719B25A0EAB100D90AE3 /* PBXContainerItemProxy */;
		};
/* End PBXTargetDependency section */

/* Begin XCBuildConfiguration section */
		03E671A725A0EAB100D90AE3 /* Debug */ = {
			isa = XCBuildConfiguration;
			buildSettings = {
				ALWAYS_SEARCH_USER_PATHS = NO;
				CLANG_ANALYZER_NONNULL = YES;
				CLANG_ANALYZER_NUMBER_OBJECT_CONVERSION = YES_AGGRESSIVE;
				CLANG_CXX_LANGUAGE_STANDARD = "gnu++14";
				CLANG_CXX_LIBRARY = "libc++";
				CLANG_ENABLE_MODULES = YES;
				CLANG_ENABLE_OBJC_ARC = YES;
				CLANG_ENABLE_OBJC_WEAK = YES;
				CLANG_WARN_BLOCK_CAPTURE_AUTORELEASING = YES;
				CLANG_WARN_BOOL_CONVERSION = YES;
				CLANG_WARN_COMMA = YES;
				CLANG_WARN_CONSTANT_CONVERSION = YES;
				CLANG_WARN_DEPRECATED_OBJC_IMPLEMENTATIONS = YES;
				CLANG_WARN_DIRECT_OBJC_ISA_USAGE = YES_ERROR;
				CLANG_WARN_DOCUMENTATION_COMMENTS = YES;
				CLANG_WARN_EMPTY_BODY = YES;
				CLANG_WARN_ENUM_CONVERSION = YES;
				CLANG_WARN_INFINITE_RECURSION = YES;
				CLANG_WARN_INT_CONVERSION = YES;
				CLANG_WARN_NON_LITERAL_NULL_CONVERSION = YES;
				CLANG_WARN_OBJC_IMPLICIT_RETAIN_SELF = YES;
				CLANG_WARN_OBJC_LITERAL_CONVERSION = YES;
				CLANG_WARN_OBJC_ROOT_CLASS = YES_ERROR;
				CLANG_WARN_QUOTED_INCLUDE_IN_FRAMEWORK_HEADER = YES;
				CLANG_WARN_RANGE_LOOP_ANALYSIS = YES;
				CLANG_WARN_STRICT_PROTOTYPES = YES;
				CLANG_WARN_SUSPICIOUS_MOVE = YES;
				CLANG_WARN_UNGUARDED_AVAILABILITY = YES_AGGRESSIVE;
				CLANG_WARN_UNREACHABLE_CODE = YES;
				CLANG_WARN__DUPLICATE_METHOD_MATCH = YES;
				COPY_PHASE_STRIP = NO;
				DEBUG_INFORMATION_FORMAT = dwarf;
				ENABLE_STRICT_OBJC_MSGSEND = YES;
				ENABLE_TESTABILITY = YES;
				GCC_C_LANGUAGE_STANDARD = gnu11;
				GCC_DYNAMIC_NO_PIC = NO;
				GCC_NO_COMMON_BLOCKS = YES;
				GCC_OPTIMIZATION_LEVEL = 0;
				GCC_PREPROCESSOR_DEFINITIONS = (
					"DEBUG=1",
					"$(inherited)",
				);
				GCC_WARN_64_TO_32_BIT_CONVERSION = YES;
				GCC_WARN_ABOUT_RETURN_TYPE = YES_ERROR;
				GCC_WARN_UNDECLARED_SELECTOR = YES;
				GCC_WARN_UNINITIALIZED_AUTOS = YES_AGGRESSIVE;
				GCC_WARN_UNUSED_FUNCTION = YES;
				GCC_WARN_UNUSED_VARIABLE = YES;
				MTL_ENABLE_DEBUG_INFO = INCLUDE_SOURCE;
				MTL_FAST_MATH = YES;
				ONLY_ACTIVE_ARCH = YES;
				SWIFT_ACTIVE_COMPILATION_CONDITIONS = DEBUG;
				SWIFT_OPTIMIZATION_LEVEL = "-Onone";
			};
			name = Debug;
		};
		03E671A825A0EAB100D90AE3 /* Release */ = {
			isa = XCBuildConfiguration;
			buildSettings = {
				ALWAYS_SEARCH_USER_PATHS = NO;
				CLANG_ANALYZER_NONNULL = YES;
				CLANG_ANALYZER_NUMBER_OBJECT_CONVERSION = YES_AGGRESSIVE;
				CLANG_CXX_LANGUAGE_STANDARD = "gnu++14";
				CLANG_CXX_LIBRARY = "libc++";
				CLANG_ENABLE_MODULES = YES;
				CLANG_ENABLE_OBJC_ARC = YES;
				CLANG_ENABLE_OBJC_WEAK = YES;
				CLANG_WARN_BLOCK_CAPTURE_AUTORELEASING = YES;
				CLANG_WARN_BOOL_CONVERSION = YES;
				CLANG_WARN_COMMA = YES;
				CLANG_WARN_CONSTANT_CONVERSION = YES;
				CLANG_WARN_DEPRECATED_OBJC_IMPLEMENTATIONS = YES;
				CLANG_WARN_DIRECT_OBJC_ISA_USAGE = YES_ERROR;
				CLANG_WARN_DOCUMENTATION_COMMENTS = YES;
				CLANG_WARN_EMPTY_BODY = YES;
				CLANG_WARN_ENUM_CONVERSION = YES;
				CLANG_WARN_INFINITE_RECURSION = YES;
				CLANG_WARN_INT_CONVERSION = YES;
				CLANG_WARN_NON_LITERAL_NULL_CONVERSION = YES;
				CLANG_WARN_OBJC_IMPLICIT_RETAIN_SELF = YES;
				CLANG_WARN_OBJC_LITERAL_CONVERSION = YES;
				CLANG_WARN_OBJC_ROOT_CLASS = YES_ERROR;
				CLANG_WARN_QUOTED_INCLUDE_IN_FRAMEWORK_HEADER = YES;
				CLANG_WARN_RANGE_LOOP_ANALYSIS = YES;
				CLANG_WARN_STRICT_PROTOTYPES = YES;
				CLANG_WARN_SUSPICIOUS_MOVE = YES;
				CLANG_WARN_UNGUARDED_AVAILABILITY = YES_AGGRESSIVE;
				CLANG_WARN_UNREACHABLE_CODE = YES;
				CLANG_WARN__DUPLICATE_METHOD_MATCH = YES;
				COPY_PHASE_STRIP = NO;
				DEBUG_INFORMATION_FORMAT = "dwarf-with-dsym";
				ENABLE_NS_ASSERTIONS = NO;
				ENABLE_STRICT_OBJC_MSGSEND = YES;
				GCC_C_LANGUAGE_STANDARD = gnu11;
				GCC_NO_COMMON_BLOCKS = YES;
				GCC_WARN_64_TO_32_BIT_CONVERSION = YES;
				GCC_WARN_ABOUT_RETURN_TYPE = YES_ERROR;
				GCC_WARN_UNDECLARED_SELECTOR = YES;
				GCC_WARN_UNINITIALIZED_AUTOS = YES_AGGRESSIVE;
				GCC_WARN_UNUSED_FUNCTION = YES;
				GCC_WARN_UNUSED_VARIABLE = YES;
				MTL_ENABLE_DEBUG_INFO = NO;
				MTL_FAST_MATH = YES;
				SWIFT_COMPILATION_MODE = wholemodule;
				SWIFT_OPTIMIZATION_LEVEL = "-O";
			};
			name = Release;
		};
		03E671AA25A0EAB100D90AE3 /* Debug */ = {
			isa = XCBuildConfiguration;
			buildSettings = {
				ASSETCATALOG_COMPILER_APPICON_NAME = AppIcon;
				ASSETCATALOG_COMPILER_GLOBAL_ACCENT_COLOR_NAME = AccentColor;
				CODE_SIGN_STYLE = Automatic;
				DEVELOPMENT_TEAM = L4WMJSL77G;
				ENABLE_PREVIEWS = YES;
				INFOPLIST_FILE = iOS/Info.plist;
				IPHONEOS_DEPLOYMENT_TARGET = 14.0;
				LD_RUNPATH_SEARCH_PATHS = (
					"$(inherited)",
					"@executable_path/Frameworks",
				);
				PRODUCT_BUNDLE_IDENTIFIER = josh.RingChart;
				PRODUCT_NAME = RingChart;
				SDKROOT = iphoneos;
				SWIFT_VERSION = 5.0;
				TARGETED_DEVICE_FAMILY = "1,2";
			};
			name = Debug;
		};
		03E671AB25A0EAB100D90AE3 /* Release */ = {
			isa = XCBuildConfiguration;
			buildSettings = {
				ASSETCATALOG_COMPILER_APPICON_NAME = AppIcon;
				ASSETCATALOG_COMPILER_GLOBAL_ACCENT_COLOR_NAME = AccentColor;
				CODE_SIGN_STYLE = Automatic;
				DEVELOPMENT_TEAM = L4WMJSL77G;
				ENABLE_PREVIEWS = YES;
				INFOPLIST_FILE = iOS/Info.plist;
				IPHONEOS_DEPLOYMENT_TARGET = 14.0;
				LD_RUNPATH_SEARCH_PATHS = (
					"$(inherited)",
					"@executable_path/Frameworks",
				);
				PRODUCT_BUNDLE_IDENTIFIER = josh.RingChart;
				PRODUCT_NAME = RingChart;
				SDKROOT = iphoneos;
				SWIFT_VERSION = 5.0;
				TARGETED_DEVICE_FAMILY = "1,2";
				VALIDATE_PRODUCT = YES;
			};
			name = Release;
		};
		03E671AD25A0EAB100D90AE3 /* Debug */ = {
			isa = XCBuildConfiguration;
			buildSettings = {
				ASSETCATALOG_COMPILER_APPICON_NAME = AppIcon;
				ASSETCATALOG_COMPILER_GLOBAL_ACCENT_COLOR_NAME = AccentColor;
				CODE_SIGN_ENTITLEMENTS = macOS/macOS.entitlements;
				CODE_SIGN_STYLE = Automatic;
				COMBINE_HIDPI_IMAGES = YES;
				DEVELOPMENT_TEAM = L4WMJSL77G;
				ENABLE_HARDENED_RUNTIME = YES;
				ENABLE_PREVIEWS = YES;
				INFOPLIST_FILE = macOS/Info.plist;
				LD_RUNPATH_SEARCH_PATHS = (
					"$(inherited)",
					"@executable_path/../Frameworks",
				);
				MACOSX_DEPLOYMENT_TARGET = 11.0;
				PRODUCT_BUNDLE_IDENTIFIER = josh.RingChart;
				PRODUCT_NAME = RingChart;
				SDKROOT = macosx;
				SWIFT_VERSION = 5.0;
			};
			name = Debug;
		};
		03E671AE25A0EAB100D90AE3 /* Release */ = {
			isa = XCBuildConfiguration;
			buildSettings = {
				ASSETCATALOG_COMPILER_APPICON_NAME = AppIcon;
				ASSETCATALOG_COMPILER_GLOBAL_ACCENT_COLOR_NAME = AccentColor;
				CODE_SIGN_ENTITLEMENTS = macOS/macOS.entitlements;
				CODE_SIGN_STYLE = Automatic;
				COMBINE_HIDPI_IMAGES = YES;
				DEVELOPMENT_TEAM = L4WMJSL77G;
				ENABLE_HARDENED_RUNTIME = YES;
				ENABLE_PREVIEWS = YES;
				INFOPLIST_FILE = macOS/Info.plist;
				LD_RUNPATH_SEARCH_PATHS = (
					"$(inherited)",
					"@executable_path/../Frameworks",
				);
				MACOSX_DEPLOYMENT_TARGET = 11.0;
				PRODUCT_BUNDLE_IDENTIFIER = josh.RingChart;
				PRODUCT_NAME = RingChart;
				SDKROOT = macosx;
				SWIFT_VERSION = 5.0;
			};
			name = Release;
		};
		03E671B025A0EAB100D90AE3 /* Debug */ = {
			isa = XCBuildConfiguration;
			buildSettings = {
				ALWAYS_EMBED_SWIFT_STANDARD_LIBRARIES = YES;
				CODE_SIGN_STYLE = Automatic;
				DEVELOPMENT_TEAM = L4WMJSL77G;
				INFOPLIST_FILE = "Tests iOS/Info.plist";
				IPHONEOS_DEPLOYMENT_TARGET = 14.3;
				LD_RUNPATH_SEARCH_PATHS = (
					"$(inherited)",
					"@executable_path/Frameworks",
					"@loader_path/Frameworks",
				);
				PRODUCT_BUNDLE_IDENTIFIER = "josh.Tests-iOS";
				PRODUCT_NAME = "$(TARGET_NAME)";
				SDKROOT = iphoneos;
				SWIFT_VERSION = 5.0;
				TARGETED_DEVICE_FAMILY = "1,2";
				TEST_TARGET_NAME = "RingChart (iOS)";
			};
			name = Debug;
		};
		03E671B125A0EAB100D90AE3 /* Release */ = {
			isa = XCBuildConfiguration;
			buildSettings = {
				ALWAYS_EMBED_SWIFT_STANDARD_LIBRARIES = YES;
				CODE_SIGN_STYLE = Automatic;
				DEVELOPMENT_TEAM = L4WMJSL77G;
				INFOPLIST_FILE = "Tests iOS/Info.plist";
				IPHONEOS_DEPLOYMENT_TARGET = 14.3;
				LD_RUNPATH_SEARCH_PATHS = (
					"$(inherited)",
					"@executable_path/Frameworks",
					"@loader_path/Frameworks",
				);
				PRODUCT_BUNDLE_IDENTIFIER = "josh.Tests-iOS";
				PRODUCT_NAME = "$(TARGET_NAME)";
				SDKROOT = iphoneos;
				SWIFT_VERSION = 5.0;
				TARGETED_DEVICE_FAMILY = "1,2";
				TEST_TARGET_NAME = "RingChart (iOS)";
				VALIDATE_PRODUCT = YES;
			};
			name = Release;
		};
		03E671B325A0EAB100D90AE3 /* Debug */ = {
			isa = XCBuildConfiguration;
			buildSettings = {
				ALWAYS_EMBED_SWIFT_STANDARD_LIBRARIES = YES;
				CODE_SIGN_STYLE = Automatic;
				COMBINE_HIDPI_IMAGES = YES;
				DEVELOPMENT_TEAM = L4WMJSL77G;
				INFOPLIST_FILE = "Tests macOS/Info.plist";
				LD_RUNPATH_SEARCH_PATHS = (
					"$(inherited)",
					"@executable_path/../Frameworks",
					"@loader_path/../Frameworks",
				);
				MACOSX_DEPLOYMENT_TARGET = 11.0;
				PRODUCT_BUNDLE_IDENTIFIER = "josh.Tests-macOS";
				PRODUCT_NAME = "$(TARGET_NAME)";
				SDKROOT = macosx;
				SWIFT_VERSION = 5.0;
				TEST_TARGET_NAME = "RingChart (macOS)";
			};
			name = Debug;
		};
		03E671B425A0EAB100D90AE3 /* Release */ = {
			isa = XCBuildConfiguration;
			buildSettings = {
				ALWAYS_EMBED_SWIFT_STANDARD_LIBRARIES = YES;
				CODE_SIGN_STYLE = Automatic;
				COMBINE_HIDPI_IMAGES = YES;
				DEVELOPMENT_TEAM = L4WMJSL77G;
				INFOPLIST_FILE = "Tests macOS/Info.plist";
				LD_RUNPATH_SEARCH_PATHS = (
					"$(inherited)",
					"@executable_path/../Frameworks",
					"@loader_path/../Frameworks",
				);
				MACOSX_DEPLOYMENT_TARGET = 11.0;
				PRODUCT_BUNDLE_IDENTIFIER = "josh.Tests-macOS";
				PRODUCT_NAME = "$(TARGET_NAME)";
				SDKROOT = macosx;
				SWIFT_VERSION = 5.0;
				TEST_TARGET_NAME = "RingChart (macOS)";
			};
			name = Release;
		};
/* End XCBuildConfiguration section */

/* Begin XCConfigurationList section */
		03E6717625A0EAB000D90AE3 /* Build configuration list for PBXProject "RingChart" */ = {
			isa = XCConfigurationList;
			buildConfigurations = (
				03E671A725A0EAB100D90AE3 /* Debug */,
				03E671A825A0EAB100D90AE3 /* Release */,
			);
			defaultConfigurationIsVisible = 0;
			defaultConfigurationName = Release;
		};
		03E671A925A0EAB100D90AE3 /* Build configuration list for PBXNativeTarget "RingChart (iOS)" */ = {
			isa = XCConfigurationList;
			buildConfigurations = (
				03E671AA25A0EAB100D90AE3 /* Debug */,
				03E671AB25A0EAB100D90AE3 /* Release */,
			);
			defaultConfigurationIsVisible = 0;
			defaultConfigurationName = Release;
		};
		03E671AC25A0EAB100D90AE3 /* Build configuration list for PBXNativeTarget "RingChart (macOS)" */ = {
			isa = XCConfigurationList;
			buildConfigurations = (
				03E671AD25A0EAB100D90AE3 /* Debug */,
				03E671AE25A0EAB100D90AE3 /* Release */,
			);
			defaultConfigurationIsVisible = 0;
			defaultConfigurationName = Release;
		};
		03E671AF25A0EAB100D90AE3 /* Build configuration list for PBXNativeTarget "Tests iOS" */ = {
			isa = XCConfigurationList;
			buildConfigurations = (
				03E671B025A0EAB100D90AE3 /* Debug */,
				03E671B125A0EAB100D90AE3 /* Release */,
			);
			defaultConfigurationIsVisible = 0;
			defaultConfigurationName = Release;
		};
		03E671B225A0EAB100D90AE3 /* Build configuration list for PBXNativeTarget "Tests macOS" */ = {
			isa = XCConfigurationList;
			buildConfigurations = (
				03E671B325A0EAB100D90AE3 /* Debug */,
				03E671B425A0EAB100D90AE3 /* Release */,
			);
			defaultConfigurationIsVisible = 0;
			defaultConfigurationName = Release;
		};
/* End XCConfigurationList section */
	};
	rootObject = 03E6717325A0EAB000D90AE3 /* Project object */;
}
